
Microsoft Visual Studio Solution File, Format Version 12.00
# Visual Studio 15
VisualStudioVersion = 15.0.27703.2047
MinimumVisualStudioVersion = 10.0.40219.1
Project("{FAE04EC0-301F-11D3-BF4B-00C04F79EFBC}") = "TrainTicketWatcher", "TrainTicketWatcher\TrainTicketWatcher.csproj", "{72689797-C58C-4360-94FF-C3958B6E1437}"
EndProject
Global
	GlobalSection(SolutionConfigurationPlatforms) = preSolution
		Debug|Any CPU = Debug|Any CPU
		Release|Any CPU = Release|Any CPU
	EndGlobalSection
	GlobalSection(ProjectConfigurationPlatforms) = postSolution
		{72689797-C58C-4360-94FF-C3958B6E1437}.Debug|Any CPU.ActiveCfg = Debug|Any CPU
		{72689797-C58C-4360-94FF-C3958B6E1437}.Debug|Any CPU.Build.0 = Debug|Any CPU
		{72689797-C58C-4360-94FF-C3958B6E1437}.Release|Any CPU.ActiveCfg = Release|Any CPU
		{72689797-C58C-4360-94FF-C3958B6E1437}.Release|Any CPU.Build.0 = Release|Any CPU
	EndGlobalSection
	GlobalSection(SolutionProperties) = preSolution
		HideSolutionNode = FALSE
	EndGlobalSection
	GlobalSection(ExtensibilityGlobals) = postSolution
		SolutionGuid = {774D938B-E019-4AE3-83D7-E7C24BF40F45}
	EndGlobalSection
EndGlobal
